
Microsoft Visual Studio Solution File, Format Version 12.00
# Visual Studio Version 17
VisualStudioVersion = 17.7.34031.279
MinimumVisualStudioVersion = 10.0.40219.1
Project("{9A19103F-16F7-4668-BE54-9A1E7A4F7556}") = "WorkerService1", "WorkerService1.csproj", "{0D4C2C83-7B4A-47C3-8167-A6B26A0629C2}"
EndProject
Project("{FAE04EC0-301F-11D3-BF4B-00C04F79EFBC}") = "WorkerService1Tests", "..\WorkerService1Tests\WorkerService1Tests.csproj", "{6E2F0CA2-7F8B-4DB9-AE23-6BB42CBB6902}"
EndProject
Global
	GlobalSection(SolutionConfigurationPlatforms) = preSolution
		Debug|Any CPU = Debug|Any CPU
		Release|Any CPU = Release|Any CPU
	EndGlobalSection
	GlobalSection(ProjectConfigurationPlatforms) = postSolution
		{0D4C2C83-7B4A-47C3-8167-A6B26A0629C2}.Debug|Any CPU.ActiveCfg = Debug|Any CPU
		{0D4C2C83-7B4A-47C3-8167-A6B26A0629C2}.Debug|Any CPU.Build.0 = Debug|Any CPU
		{0D4C2C83-7B4A-47C3-8167-A6B26A0629C2}.Release|Any CPU.ActiveCfg = Release|Any CPU
		{0D4C2C83-7B4A-47C3-8167-A6B26A0629C2}.Release|Any CPU.Build.0 = Release|Any CPU
		{6E2F0CA2-7F8B-4DB9-AE23-6BB42CBB6902}.Debug|Any CPU.ActiveCfg = Debug|Any CPU
		{6E2F0CA2-7F8B-4DB9-AE23-6BB42CBB6902}.Debug|Any CPU.Build.0 = Debug|Any CPU
		{6E2F0CA2-7F8B-4DB9-AE23-6BB42CBB6902}.Release|Any CPU.ActiveCfg = Release|Any CPU
		{6E2F0CA2-7F8B-4DB9-AE23-6BB42CBB6902}.Release|Any CPU.Build.0 = Release|Any CPU
	EndGlobalSection
	GlobalSection(SolutionProperties) = preSolution
		HideSolutionNode = FALSE
	EndGlobalSection
	GlobalSection(ExtensibilityGlobals) = postSolution
		SolutionGuid = {8F96EB6F-7A8B-492D-B226-FBF361AD8494}
	EndGlobalSection
EndGlobal
